
Microsoft Visual Studio Solution File, Format Version 12.00
# Visual Studio Version 16
VisualStudioVersion = 16.0.30621.155
MinimumVisualStudioVersion = 10.0.40219.1
Project("{FAE04EC0-301F-11D3-BF4B-00C04F79EFBC}") = "Oracle_Test", "Oracle_Test\Oracle_Test.csproj", "{4279659C-5AF6-4641-8206-1FD97818A623}"
EndProject
Global
	GlobalSection(SolutionConfigurationPlatforms) = preSolution
		Debug|Any CPU = Debug|Any CPU
		Release|Any CPU = Release|Any CPU
	EndGlobalSection
	GlobalSection(ProjectConfigurationPlatforms) = postSolution
		{4279659C-5AF6-4641-8206-1FD97818A623}.Debug|Any CPU.ActiveCfg = Debug|Any CPU
		{4279659C-5AF6-4641-8206-1FD97818A623}.Debug|Any CPU.Build.0 = Debug|Any CPU
		{4279659C-5AF6-4641-8206-1FD97818A623}.Release|Any CPU.ActiveCfg = Release|Any CPU
		{4279659C-5AF6-4641-8206-1FD97818A623}.Release|Any CPU.Build.0 = Release|Any CPU
	EndGlobalSection
	GlobalSection(SolutionProperties) = preSolution
		HideSolutionNode = FALSE
	EndGlobalSection
	GlobalSection(ExtensibilityGlobals) = postSolution
		SolutionGuid = {E04ED065-FE4C-4500-ACA8-83AD9F53BD76}
	EndGlobalSection
EndGlobal
